
Microsoft Visual Studio Solution File, Format Version 12.00
# Visual Studio 15
VisualStudioVersion = 15.0.28307.779
MinimumVisualStudioVersion = 10.0.40219.1
Project("{FAE04EC0-301F-11D3-BF4B-00C04F79EFBC}") = "WebApiValuesService", "WebApiValuesService\WebApiValuesService.csproj", "{5B015458-97C0-44E9-A56F-F8748121D92C}"
EndProject
Global
	GlobalSection(SolutionConfigurationPlatforms) = preSolution
		Debug|Any CPU = Debug|Any CPU
		Release|Any CPU = Release|Any CPU
	EndGlobalSection
	GlobalSection(ProjectConfigurationPlatforms) = postSolution
		{5B015458-97C0-44E9-A56F-F8748121D92C}.Debug|Any CPU.ActiveCfg = Debug|Any CPU
		{5B015458-97C0-44E9-A56F-F8748121D92C}.Debug|Any CPU.Build.0 = Debug|Any CPU
		{5B015458-97C0-44E9-A56F-F8748121D92C}.Release|Any CPU.ActiveCfg = Release|Any CPU
		{5B015458-97C0-44E9-A56F-F8748121D92C}.Release|Any CPU.Build.0 = Release|Any CPU
	EndGlobalSection
	GlobalSection(SolutionProperties) = preSolution
		HideSolutionNode = FALSE
	EndGlobalSection
	GlobalSection(ExtensibilityGlobals) = postSolution
		SolutionGuid = {A4E9C5D2-44D3-4F57-8442-A5C6A5BA21E7}
	EndGlobalSection
EndGlobal
